{
  "pins" : [
    {
      "identity" : "sequencebuilder",
      "kind" : "remoteSourceControl",
      "location" : "https://github.com/andtie/SequenceBuilder",
      "state" : {
        "revision" : "54d3d1eff31a7e35122f616840fff11899ea85b4",
        "version" : "0.0.7"
      }
    }
  ],
  "version" : 2
}
