// !$*UTF8*$!
{
	archiveVersion = 1;
	classes = {
	};
	objectVersion = 56;
	objects = {

/* Begin PBXBuildFile section */
		759121F4288C2BD2003AD3D8 /* SplitLayoutApp.swift in Sources */ = {isa = PBXBuildFile; fileRef = 759121F3288C2BD2003AD3D8 /* SplitLayoutApp.swift */; };
		759121F6288C2BD2003AD3D8 /* ContentView.swift in Sources */ = {isa = PBXBuildFile; fileRef = 759121F5288C2BD2003AD3D8 /* ContentView.swift */; };
		759121F8288C2BD3003AD3D8 /* Assets.xcassets in Resources */ = {isa = PBXBuildFile; fileRef = 759121F7288C2BD3003AD3D8 /* Assets.xcassets */; };
		759121FB288C2BD3003AD3D8 /* Preview Assets.xcassets in Resources */ = {isa = PBXBuildFile; fileRef = 759121FA288C2BD3003AD3D8 /* Preview Assets.xcassets */; };
		75DA9C28288DC5DE007549FF /* PastelColor.swift in Sources */ = {isa = PBXBuildFile; fileRef = 75DA9C27288DC5DE007549FF /* PastelColor.swift */; };
		75E7457A288EAF6D00C3CE21 /* SplitView in Frameworks */ = {isa = PBXBuildFile; productRef = 75E74579288EAF6D00C3CE21 /* SplitView */; };
/* End PBXBuildFile section */

/* Begin PBXFileReference section */
		754B5116288EB0AC002EA63A /* SplitView */ = {isa = PBXFileReference; lastKnownFileType = wrapper; name = SplitView; path = ../..; sourceTree = "<group>"; };
		759121F0288C2BD2003AD3D8 /* SplitViewDemo.app */ = {isa = PBXFileReference; explicitFileType = wrapper.application; includeInIndex = 0; path = SplitViewDemo.app; sourceTree = BUILT_PRODUCTS_DIR; };
		759121F3288C2BD2003AD3D8 /* SplitLayoutApp.swift */ = {isa = PBXFileReference; lastKnownFileType = sourcecode.swift; path = SplitLayoutApp.swift; sourceTree = "<group>"; };
		759121F5288C2BD2003AD3D8 /* ContentView.swift */ = {isa = PBXFileReference; lastKnownFileType = sourcecode.swift; path = ContentView.swift; sourceTree = "<group>"; };
		759121F7288C2BD3003AD3D8 /* Assets.xcassets */ = {isa = PBXFileReference; lastKnownFileType = folder.assetcatalog; path = Assets.xcassets; sourceTree = "<group>"; };
		759121FA288C2BD3003AD3D8 /* Preview Assets.xcassets */ = {isa = PBXFileReference; lastKnownFileType = folder.assetcatalog; path = "Preview Assets.xcassets"; sourceTree = "<group>"; };
		759121FC288C2BD3003AD3D8 /* SplitLayout.entitlements */ = {isa = PBXFileReference; lastKnownFileType = text.plist.entitlements; path = SplitLayout.entitlements; sourceTree = "<group>"; };
		75DA9C27288DC5DE007549FF /* PastelColor.swift */ = {isa = PBXFileReference; lastKnownFileType = sourcecode.swift; path = PastelColor.swift; sourceTree = "<group>"; };
/* End PBXFileReference section */

/* Begin PBXFrameworksBuildPhase section */
		759121ED288C2BD2003AD3D8 /* Frameworks */ = {
			isa = PBXFrameworksBuildPhase;
			buildActionMask = 2147483647;
			files = (
				75E7457A288EAF6D00C3CE21 /* SplitView in Frameworks */,
			);
			runOnlyForDeploymentPostprocessing = 0;
		};
/* End PBXFrameworksBuildPhase section */

/* Begin PBXGroup section */
		759121E7288C2BD2003AD3D8 = {
			isa = PBXGroup;
			children = (
				759121F2288C2BD2003AD3D8 /* SplitViewDemo */,
				759121F1288C2BD2003AD3D8 /* Products */,
				75E74578288EAF6D00C3CE21 /* Frameworks */,
			);
			sourceTree = "<group>";
		};
		759121F1288C2BD2003AD3D8 /* Products */ = {
			isa = PBXGroup;
			children = (
				759121F0288C2BD2003AD3D8 /* SplitViewDemo.app */,
			);
			name = Products;
			sourceTree = "<group>";
		};
		759121F2288C2BD2003AD3D8 /* SplitViewDemo */ = {
			isa = PBXGroup;
			children = (
				754B5116288EB0AC002EA63A /* SplitView */,
				759121F3288C2BD2003AD3D8 /* SplitLayoutApp.swift */,
				759121F5288C2BD2003AD3D8 /* ContentView.swift */,
				75DA9C27288DC5DE007549FF /* PastelColor.swift */,
				759121F7288C2BD3003AD3D8 /* Assets.xcassets */,
				759121FC288C2BD3003AD3D8 /* SplitLayout.entitlements */,
				759121F9288C2BD3003AD3D8 /* Preview Content */,
			);
			path = SplitViewDemo;
			sourceTree = "<group>";
		};
		759121F9288C2BD3003AD3D8 /* Preview Content */ = {
			isa = PBXGroup;
			children = (
				759121FA288C2BD3003AD3D8 /* Preview Assets.xcassets */,
			);
			path = "Preview Content";
			sourceTree = "<group>";
		};
		75E74578288EAF6D00C3CE21 /* Frameworks */ = {
			isa = PBXGroup;
			children = (
			);
			name = Frameworks;
			sourceTree = "<group>";
		};
/* End PBXGroup section */

/* Begin PBXNativeTarget section */
		759121EF288C2BD2003AD3D8 /* SplitViewDemo */ = {
			isa = PBXNativeTarget;
			buildConfigurationList = 759121FF288C2BD3003AD3D8 /* Build configuration list for PBXNativeTarget "SplitViewDemo" */;
			buildPhases = (
				759121EC288C2BD2003AD3D8 /* Sources */,
				759121ED288C2BD2003AD3D8 /* Frameworks */,
				759121EE288C2BD2003AD3D8 /* Resources */,
			);
			buildRules = (
			);
			dependencies = (
			);
			name = SplitViewDemo;
			packageProductDependencies = (
				75E74579288EAF6D00C3CE21 /* SplitView */,
			);
			productName = SplitLayout;
			productReference = 759121F0288C2BD2003AD3D8 /* SplitViewDemo.app */;
			productType = "com.apple.product-type.application";
		};
/* End PBXNativeTarget section */

/* Begin PBXProject section */
		759121E8288C2BD2003AD3D8 /* Project object */ = {
			isa = PBXProject;
			attributes = {
				BuildIndependentTargetsInParallel = 1;
				LastSwiftUpdateCheck = 1400;
				LastUpgradeCheck = 1400;
				TargetAttributes = {
					759121EF288C2BD2003AD3D8 = {
						CreatedOnToolsVersion = 14.0;
					};
				};
			};
			buildConfigurationList = 759121EB288C2BD2003AD3D8 /* Build configuration list for PBXProject "SplitViewDemo" */;
			compatibilityVersion = "Xcode 14.0";
			developmentRegion = en;
			hasScannedForEncodings = 0;
			knownRegions = (
				en,
				Base,
			);
			mainGroup = 759121E7288C2BD2003AD3D8;
			packageReferences = (
			);
			productRefGroup = 759121F1288C2BD2003AD3D8 /* Products */;
			projectDirPath = "";
			projectRoot = "";
			targets = (
				759121EF288C2BD2003AD3D8 /* SplitViewDemo */,
			);
		};
/* End PBXProject section */

/* Begin PBXResourcesBuildPhase section */
		759121EE288C2BD2003AD3D8 /* Resources */ = {
			isa = PBXResourcesBuildPhase;
			buildActionMask = 2147483647;
			files = (
				759121FB288C2BD3003AD3D8 /* Preview Assets.xcassets in Resources */,
				759121F8288C2BD3003AD3D8 /* Assets.xcassets in Resources */,
			);
			runOnlyForDeploymentPostprocessing = 0;
		};
/* End PBXResourcesBuildPhase section */

/* Begin PBXSourcesBuildPhase section */
		759121EC288C2BD2003AD3D8 /* Sources */ = {
			isa = PBXSourcesBuildPhase;
			buildActionMask = 2147483647;
			files = (
				759121F6288C2BD2003AD3D8 /* ContentView.swift in Sources */,
				759121F4288C2BD2003AD3D8 /* SplitLayoutApp.swift in Sources */,
				75DA9C28288DC5DE007549FF /* PastelColor.swift in Sources */,
			);
			runOnlyForDeploymentPostprocessing = 0;
		};
/* End PBXSourcesBuildPhase section */

/* Begin XCBuildConfiguration section */
		759121FD288C2BD3003AD3D8 /* Debug */ = {
			isa = XCBuildConfiguration;
			buildSettings = {
				ALWAYS_SEARCH_USER_PATHS = NO;
				CLANG_ANALYZER_NONNULL = YES;
				CLANG_ANALYZER_NUMBER_OBJECT_CONVERSION = YES_AGGRESSIVE;
				CLANG_CXX_LANGUAGE_STANDARD = "gnu++20";
				CLANG_ENABLE_MODULES = YES;
				CLANG_ENABLE_OBJC_ARC = YES;
				CLANG_ENABLE_OBJC_WEAK = YES;
				CLANG_WARN_BLOCK_CAPTURE_AUTORELEASING = YES;
				CLANG_WARN_BOOL_CONVERSION = YES;
				CLANG_WARN_COMMA = YES;
				CLANG_WARN_CONSTANT_CONVERSION = YES;
				CLANG_WARN_DEPRECATED_OBJC_IMPLEMENTATIONS = YES;
				CLANG_WARN_DIRECT_OBJC_ISA_USAGE = YES_ERROR;
				CLANG_WARN_DOCUMENTATION_COMMENTS = YES;
				CLANG_WARN_EMPTY_BODY = YES;
				CLANG_WARN_ENUM_CONVERSION = YES;
				CLANG_WARN_INFINITE_RECURSION = YES;
				CLANG_WARN_INT_CONVERSION = YES;
				CLANG_WARN_NON_LITERAL_NULL_CONVERSION = YES;
				CLANG_WARN_OBJC_IMPLICIT_RETAIN_SELF = YES;
				CLANG_WARN_OBJC_LITERAL_CONVERSION = YES;
				CLANG_WARN_OBJC_ROOT_CLASS = YES_ERROR;
				CLANG_WARN_QUOTED_INCLUDE_IN_FRAMEWORK_HEADER = YES;
				CLANG_WARN_RANGE_LOOP_ANALYSIS = YES;
				CLANG_WARN_STRICT_PROTOTYPES = YES;
				CLANG_WARN_SUSPICIOUS_MOVE = YES;
				CLANG_WARN_UNGUARDED_AVAILABILITY = YES_AGGRESSIVE;
				CLANG_WARN_UNREACHABLE_CODE = YES;
				CLANG_WARN__DUPLICATE_METHOD_MATCH = YES;
				COPY_PHASE_STRIP = NO;
				DEBUG_INFORMATION_FORMAT = dwarf;
				ENABLE_STRICT_OBJC_MSGSEND = YES;
				ENABLE_TESTABILITY = YES;
				GCC_C_LANGUAGE_STANDARD = gnu11;
				GCC_DYNAMIC_NO_PIC = NO;
				GCC_NO_COMMON_BLOCKS = YES;
				GCC_OPTIMIZATION_LEVEL = 0;
				GCC_PREPROCESSOR_DEFINITIONS = (
					"DEBUG=1",
					"$(inherited)",
				);
				GCC_WARN_64_TO_32_BIT_CONVERSION = YES;
				GCC_WARN_ABOUT_RETURN_TYPE = YES_ERROR;
				GCC_WARN_UNDECLARED_SELECTOR = YES;
				GCC_WARN_UNINITIALIZED_AUTOS = YES_AGGRESSIVE;
				GCC_WARN_UNUSED_FUNCTION = YES;
				GCC_WARN_UNUSED_VARIABLE = YES;
				MACOSX_DEPLOYMENT_TARGET = 12.5;
				MTL_ENABLE_DEBUG_INFO = INCLUDE_SOURCE;
				MTL_FAST_MATH = YES;
				ONLY_ACTIVE_ARCH = YES;
				SDKROOT = macosx;
				SWIFT_ACTIVE_COMPILATION_CONDITIONS = DEBUG;
				SWIFT_OPTIMIZATION_LEVEL = "-Onone";
			};
			name = Debug;
		};
		759121FE288C2BD3003AD3D8 /* Release */ = {
			isa = XCBuildConfiguration;
			buildSettings = {
				ALWAYS_SEARCH_USER_PATHS = NO;
				CLANG_ANALYZER_NONNULL = YES;
				CLANG_ANALYZER_NUMBER_OBJECT_CONVERSION = YES_AGGRESSIVE;
				CLANG_CXX_LANGUAGE_STANDARD = "gnu++20";
				CLANG_ENABLE_MODULES = YES;
				CLANG_ENABLE_OBJC_ARC = YES;
				CLANG_ENABLE_OBJC_WEAK = YES;
				CLANG_WARN_BLOCK_CAPTURE_AUTORELEASING = YES;
				CLANG_WARN_BOOL_CONVERSION = YES;
				CLANG_WARN_COMMA = YES;
				CLANG_WARN_CONSTANT_CONVERSION = YES;
				CLANG_WARN_DEPRECATED_OBJC_IMPLEMENTATIONS = YES;
				CLANG_WARN_DIRECT_OBJC_ISA_USAGE = YES_ERROR;
				CLANG_WARN_DOCUMENTATION_COMMENTS = YES;
				CLANG_WARN_EMPTY_BODY = YES;
				CLANG_WARN_ENUM_CONVERSION = YES;
				CLANG_WARN_INFINITE_RECURSION = YES;
				CLANG_WARN_INT_CONVERSION = YES;
				CLANG_WARN_NON_LITERAL_NULL_CONVERSION = YES;
				CLANG_WARN_OBJC_IMPLICIT_RETAIN_SELF = YES;
				CLANG_WARN_OBJC_LITERAL_CONVERSION = YES;
				CLANG_WARN_OBJC_ROOT_CLASS = YES_ERROR;
				CLANG_WARN_QUOTED_INCLUDE_IN_FRAMEWORK_HEADER = YES;
				CLANG_WARN_RANGE_LOOP_ANALYSIS = YES;
				CLANG_WARN_STRICT_PROTOTYPES = YES;
				CLANG_WARN_SUSPICIOUS_MOVE = YES;
				CLANG_WARN_UNGUARDED_AVAILABILITY = YES_AGGRESSIVE;
				CLANG_WARN_UNREACHABLE_CODE = YES;
				CLANG_WARN__DUPLICATE_METHOD_MATCH = YES;
				COPY_PHASE_STRIP = NO;
				DEBUG_INFORMATION_FORMAT = "dwarf-with-dsym";
				ENABLE_NS_ASSERTIONS = NO;
				ENABLE_STRICT_OBJC_MSGSEND = YES;
				GCC_C_LANGUAGE_STANDARD = gnu11;
				GCC_NO_COMMON_BLOCKS = YES;
				GCC_WARN_64_TO_32_BIT_CONVERSION = YES;
				GCC_WARN_ABOUT_RETURN_TYPE = YES_ERROR;
				GCC_WARN_UNDECLARED_SELECTOR = YES;
				GCC_WARN_UNINITIALIZED_AUTOS = YES_AGGRESSIVE;
				GCC_WARN_UNUSED_FUNCTION = YES;
				GCC_WARN_UNUSED_VARIABLE = YES;
				MACOSX_DEPLOYMENT_TARGET = 12.5;
				MTL_ENABLE_DEBUG_INFO = NO;
				MTL_FAST_MATH = YES;
				SDKROOT = macosx;
				SWIFT_COMPILATION_MODE = wholemodule;
				SWIFT_OPTIMIZATION_LEVEL = "-O";
			};
			name = Release;
		};
		75912200288C2BD3003AD3D8 /* Debug */ = {
			isa = XCBuildConfiguration;
			buildSettings = {
				ASSETCATALOG_COMPILER_APPICON_NAME = AppIcon;
				ASSETCATALOG_COMPILER_GLOBAL_ACCENT_COLOR_NAME = AccentColor;
				CODE_SIGN_ENTITLEMENTS = SplitViewDemo/SplitLayout.entitlements;
				CODE_SIGN_STYLE = Automatic;
				COMBINE_HIDPI_IMAGES = YES;
				CURRENT_PROJECT_VERSION = 1;
				DEVELOPMENT_ASSET_PATHS = "\"SplitViewDemo/Preview Content\"";
				ENABLE_PREVIEWS = YES;
				GENERATE_INFOPLIST_FILE = YES;
				INFOPLIST_KEY_NSHumanReadableCopyright = "";
				LD_RUNPATH_SEARCH_PATHS = (
					"$(inherited)",
					"@executable_path/../Frameworks",
				);
				MARKETING_VERSION = 1.0;
				PRODUCT_BUNDLE_IDENTIFIER = swift.best.SplitViewDemo;
				PRODUCT_NAME = "$(TARGET_NAME)";
				SWIFT_EMIT_LOC_STRINGS = YES;
				SWIFT_VERSION = 5.0;
			};
			name = Debug;
		};
		75912201288C2BD3003AD3D8 /* Release */ = {
			isa = XCBuildConfiguration;
			buildSettings = {
				ASSETCATALOG_COMPILER_APPICON_NAME = AppIcon;
				ASSETCATALOG_COMPILER_GLOBAL_ACCENT_COLOR_NAME = AccentColor;
				CODE_SIGN_ENTITLEMENTS = SplitViewDemo/SplitLayout.entitlements;
				CODE_SIGN_STYLE = Automatic;
				COMBINE_HIDPI_IMAGES = YES;
				CURRENT_PROJECT_VERSION = 1;
				DEVELOPMENT_ASSET_PATHS = "\"SplitViewDemo/Preview Content\"";
				ENABLE_PREVIEWS = YES;
				GENERATE_INFOPLIST_FILE = YES;
				INFOPLIST_KEY_NSHumanReadableCopyright = "";
				LD_RUNPATH_SEARCH_PATHS = (
					"$(inherited)",
					"@executable_path/../Frameworks",
				);
				MARKETING_VERSION = 1.0;
				PRODUCT_BUNDLE_IDENTIFIER = swift.best.SplitViewDemo;
				PRODUCT_NAME = "$(TARGET_NAME)";
				SWIFT_EMIT_LOC_STRINGS = YES;
				SWIFT_VERSION = 5.0;
			};
			name = Release;
		};
/* End XCBuildConfiguration section */

/* Begin XCConfigurationList section */
		759121EB288C2BD2003AD3D8 /* Build configuration list for PBXProject "SplitViewDemo" */ = {
			isa = XCConfigurationList;
			buildConfigurations = (
				759121FD288C2BD3003AD3D8 /* Debug */,
				759121FE288C2BD3003AD3D8 /* Release */,
			);
			defaultConfigurationIsVisible = 0;
			defaultConfigurationName = Release;
		};
		759121FF288C2BD3003AD3D8 /* Build configuration list for PBXNativeTarget "SplitViewDemo" */ = {
			isa = XCConfigurationList;
			buildConfigurations = (
				75912200288C2BD3003AD3D8 /* Debug */,
				75912201288C2BD3003AD3D8 /* Release */,
			);
			defaultConfigurationIsVisible = 0;
			defaultConfigurationName = Release;
		};
/* End XCConfigurationList section */

/* Begin XCSwiftPackageProductDependency section */
		75E74579288EAF6D00C3CE21 /* SplitView */ = {
			isa = XCSwiftPackageProductDependency;
			productName = SplitView;
		};
/* End XCSwiftPackageProductDependency section */
	};
	rootObject = 759121E8288C2BD2003AD3D8 /* Project object */;
}
